{"is_source_file": false, "format": "", "description": "", "external_files": [], "external_methods": [], "published": [], "classes": [], "methods": [], "calls": [], "search-terms": [], "state": 2, "file_id": 3, "knowledge_revision": 22, "git_revision": "99f5d9d9271a4779b4e750e7d4eab7b5a3b82e52", "hash": "9c4ed7ef73e22b872b8055bec08b8979", "format-version": 4, "code-base-name": "default", "filename": "easybite_frontend/post_process_status.lock", "revision_history": [{"22": "99f5d9d9271a4779b4e750e7d4eab7b5a3b82e52"}]}