{"is_source_file": false, "format": "", "description": "", "external_files": [], "external_methods": [], "published": [], "classes": [], "methods": [], "calls": [], "search-terms": [], "state": 2, "file_id": 16, "knowledge_revision": 26, "git_revision": "3df0d3c7578d15344100da9fe213aa2a736b2ff5", "hash": "9c4ed7ef73e22b872b8055bec08b8979", "format-version": 4, "code-base-name": "default", "filename": "main_container_for_easybite/post_process_status.lock", "revision_history": [{"26": "3df0d3c7578d15344100da9fe213aa2a736b2ff5"}]}